
Microsoft Visual Studio Solution File, Format Version 12.00
Project("{FAE04EC0-301F-11D3-BF4B-00C04F79EFBC}") = "Hlf.Transpiler", "Hlf.Transpiler\Hlf.Transpiler.csproj", "{CD0BCCF2-24F1-4EA1-AF54-9F61492457D9}"
EndProject
Project("{FAE04EC0-301F-11D3-BF4B-00C04F79EFBC}") = "Hlf", "Hlf\Hlf.csproj", "{E0B6F2E6-5E41-4EED-B592-0E70D01CF7AC}"
EndProject
Project("{FAE04EC0-301F-11D3-BF4B-00C04F79EFBC}") = "Hlf.Web", "Hlf.Web\Hlf.Web.csproj", "{41AEC85A-32EE-4726-89C0-63B8DFA47E19}"
EndProject
Global
	GlobalSection(SolutionConfigurationPlatforms) = preSolution
		Debug|Any CPU = Debug|Any CPU
		Release|Any CPU = Release|Any CPU
	EndGlobalSection
	GlobalSection(ProjectConfigurationPlatforms) = postSolution
		{CD0BCCF2-24F1-4EA1-AF54-9F61492457D9}.Debug|Any CPU.ActiveCfg = Debug|Any CPU
		{CD0BCCF2-24F1-4EA1-AF54-9F61492457D9}.Debug|Any CPU.Build.0 = Debug|Any CPU
		{CD0BCCF2-24F1-4EA1-AF54-9F61492457D9}.Release|Any CPU.ActiveCfg = Release|Any CPU
		{CD0BCCF2-24F1-4EA1-AF54-9F61492457D9}.Release|Any CPU.Build.0 = Release|Any CPU
		{E0B6F2E6-5E41-4EED-B592-0E70D01CF7AC}.Debug|Any CPU.ActiveCfg = Debug|Any CPU
		{E0B6F2E6-5E41-4EED-B592-0E70D01CF7AC}.Debug|Any CPU.Build.0 = Debug|Any CPU
		{E0B6F2E6-5E41-4EED-B592-0E70D01CF7AC}.Release|Any CPU.ActiveCfg = Release|Any CPU
		{E0B6F2E6-5E41-4EED-B592-0E70D01CF7AC}.Release|Any CPU.Build.0 = Release|Any CPU
		{41AEC85A-32EE-4726-89C0-63B8DFA47E19}.Debug|Any CPU.ActiveCfg = Debug|Any CPU
		{41AEC85A-32EE-4726-89C0-63B8DFA47E19}.Debug|Any CPU.Build.0 = Debug|Any CPU
		{41AEC85A-32EE-4726-89C0-63B8DFA47E19}.Release|Any CPU.ActiveCfg = Release|Any CPU
		{41AEC85A-32EE-4726-89C0-63B8DFA47E19}.Release|Any CPU.Build.0 = Release|Any CPU
	EndGlobalSection
EndGlobal
